
Microsoft Visual Studio Solution File, Format Version 12.00
# Visual Studio 15
VisualStudioVersion = 15.0.28010.2003
MinimumVisualStudioVersion = 10.0.40219.1
Project("{9A19103F-16F7-4668-BE54-9A1E7A4F7556}") = "MIPS64CLI", "MIPS64CLI\MIPS64CLI.csproj", "{0BC2DFD4-DDC1-4A60-99FF-6BB4BAA4EE66}"
EndProject
Project("{9A19103F-16F7-4668-BE54-9A1E7A4F7556}") = "MIPS64", "MIPS64\MIPS64.csproj", "{655508D5-75BE-4F81-99DE-BF375B1FBF93}"
EndProject
Global
	GlobalSection(SolutionConfigurationPlatforms) = preSolution
		Debug|Any CPU = Debug|Any CPU
		Release|Any CPU = Release|Any CPU
	EndGlobalSection
	GlobalSection(ProjectConfigurationPlatforms) = postSolution
		{0BC2DFD4-DDC1-4A60-99FF-6BB4BAA4EE66}.Debug|Any CPU.ActiveCfg = Debug|Any CPU
		{0BC2DFD4-DDC1-4A60-99FF-6BB4BAA4EE66}.Debug|Any CPU.Build.0 = Debug|Any CPU
		{0BC2DFD4-DDC1-4A60-99FF-6BB4BAA4EE66}.Release|Any CPU.ActiveCfg = Release|Any CPU
		{0BC2DFD4-DDC1-4A60-99FF-6BB4BAA4EE66}.Release|Any CPU.Build.0 = Release|Any CPU
		{655508D5-75BE-4F81-99DE-BF375B1FBF93}.Debug|Any CPU.ActiveCfg = Debug|Any CPU
		{655508D5-75BE-4F81-99DE-BF375B1FBF93}.Debug|Any CPU.Build.0 = Debug|Any CPU
		{655508D5-75BE-4F81-99DE-BF375B1FBF93}.Release|Any CPU.ActiveCfg = Release|Any CPU
		{655508D5-75BE-4F81-99DE-BF375B1FBF93}.Release|Any CPU.Build.0 = Release|Any CPU
	EndGlobalSection
	GlobalSection(SolutionProperties) = preSolution
		HideSolutionNode = FALSE
	EndGlobalSection
	GlobalSection(ExtensibilityGlobals) = postSolution
		SolutionGuid = {BCA11613-840E-476A-9001-585936B76819}
	EndGlobalSection
EndGlobal
